
Microsoft Visual Studio Solution File, Format Version 12.00
# Visual Studio 2012
Project("{FAE04EC0-301F-11D3-BF4B-00C04F79EFBC}") = "FunHub.Api", "FunHub.Api\FunHub.Api.csproj", "{C6121862-57F5-419E-924F-FB7632B389AB}"
EndProject
Project("{FAE04EC0-301F-11D3-BF4B-00C04F79EFBC}") = "FunHub.Model", "FunHub.Model\FunHub.Model.csproj", "{A18F8148-974A-4813-8BB5-584E554A5796}"
EndProject
Project("{FAE04EC0-301F-11D3-BF4B-00C04F79EFBC}") = "FunHub.Data", "FunHub.Data\FunHub.Data.csproj", "{32F37E00-4366-47FA-A569-F4BF561A2B37}"
EndProject
Global
	GlobalSection(SolutionConfigurationPlatforms) = preSolution
		Debug|Any CPU = Debug|Any CPU
		Release|Any CPU = Release|Any CPU
	EndGlobalSection
	GlobalSection(ProjectConfigurationPlatforms) = postSolution
		{C6121862-57F5-419E-924F-FB7632B389AB}.Debug|Any CPU.ActiveCfg = Debug|Any CPU
		{C6121862-57F5-419E-924F-FB7632B389AB}.Debug|Any CPU.Build.0 = Debug|Any CPU
		{C6121862-57F5-419E-924F-FB7632B389AB}.Release|Any CPU.ActiveCfg = Release|Any CPU
		{C6121862-57F5-419E-924F-FB7632B389AB}.Release|Any CPU.Build.0 = Release|Any CPU
		{A18F8148-974A-4813-8BB5-584E554A5796}.Debug|Any CPU.ActiveCfg = Debug|Any CPU
		{A18F8148-974A-4813-8BB5-584E554A5796}.Debug|Any CPU.Build.0 = Debug|Any CPU
		{A18F8148-974A-4813-8BB5-584E554A5796}.Release|Any CPU.ActiveCfg = Release|Any CPU
		{A18F8148-974A-4813-8BB5-584E554A5796}.Release|Any CPU.Build.0 = Release|Any CPU
		{32F37E00-4366-47FA-A569-F4BF561A2B37}.Debug|Any CPU.ActiveCfg = Debug|Any CPU
		{32F37E00-4366-47FA-A569-F4BF561A2B37}.Debug|Any CPU.Build.0 = Debug|Any CPU
		{32F37E00-4366-47FA-A569-F4BF561A2B37}.Release|Any CPU.ActiveCfg = Release|Any CPU
		{32F37E00-4366-47FA-A569-F4BF561A2B37}.Release|Any CPU.Build.0 = Release|Any CPU
	EndGlobalSection
	GlobalSection(SolutionProperties) = preSolution
		HideSolutionNode = FALSE
	EndGlobalSection
EndGlobal
